
Microsoft Visual Studio Solution File, Format Version 12.00
# Visual Studio 15
VisualStudioVersion = 15.0.27428.2043
MinimumVisualStudioVersion = 10.0.40219.1
Project("{FAE04EC0-301F-11D3-BF4B-00C04F79EFBC}") = "FenrirAppsApi", "FenrirAppsApi\FenrirAppsApi.csproj", "{95F03BFA-18BA-4882-8FF5-4E9EA9DD6173}"
EndProject
Project("{FAE04EC0-301F-11D3-BF4B-00C04F79EFBC}") = "HotelManagementApi", "HotelManagementApi\HotelManagementApi.csproj", "{4BA743E7-DDB0-4F93-84C3-D51E73294740}"
EndProject
Global
	GlobalSection(SolutionConfigurationPlatforms) = preSolution
		Debug|Any CPU = Debug|Any CPU
		Release|Any CPU = Release|Any CPU
	EndGlobalSection
	GlobalSection(ProjectConfigurationPlatforms) = postSolution
		{95F03BFA-18BA-4882-8FF5-4E9EA9DD6173}.Debug|Any CPU.ActiveCfg = Debug|Any CPU
		{95F03BFA-18BA-4882-8FF5-4E9EA9DD6173}.Debug|Any CPU.Build.0 = Debug|Any CPU
		{95F03BFA-18BA-4882-8FF5-4E9EA9DD6173}.Release|Any CPU.ActiveCfg = Release|Any CPU
		{95F03BFA-18BA-4882-8FF5-4E9EA9DD6173}.Release|Any CPU.Build.0 = Release|Any CPU
		{4BA743E7-DDB0-4F93-84C3-D51E73294740}.Debug|Any CPU.ActiveCfg = Debug|Any CPU
		{4BA743E7-DDB0-4F93-84C3-D51E73294740}.Debug|Any CPU.Build.0 = Debug|Any CPU
		{4BA743E7-DDB0-4F93-84C3-D51E73294740}.Release|Any CPU.ActiveCfg = Release|Any CPU
		{4BA743E7-DDB0-4F93-84C3-D51E73294740}.Release|Any CPU.Build.0 = Release|Any CPU
	EndGlobalSection
	GlobalSection(SolutionProperties) = preSolution
		HideSolutionNode = FALSE
	EndGlobalSection
	GlobalSection(ExtensibilityGlobals) = postSolution
		SolutionGuid = {FD29D67A-9EAC-405C-BAD3-1BEA45A1800F}
	EndGlobalSection
EndGlobal
